Microsoft Visual Studio Solution File, Format Version 12.00
# Visual Studio 2012
Project("{FAE04EC0-301F-11D3-BF4B-00C04F79EFBC}") = "C Sharp", "C Sharp.csproj", "{CC00B556-6D49-4DCF-B423-0DA60D37C20E}"
EndProject
Global
	GlobalSection(SolutionConfigurationPlatforms) = preSolution
	Debug|Any CPU = Debug|Any CPU
	Release|Any CPU = Release|Any CPU
	Tools|Any CPU = Tools|Any CPU
	EndGlobalSection
	GlobalSection(ProjectConfigurationPlatforms) = postSolution
		{CC00B556-6D49-4DCF-B423-0DA60D37C20E}.Debug|Any CPU.ActiveCfg = Debug|Any CPU
		{CC00B556-6D49-4DCF-B423-0DA60D37C20E}.Debug|Any CPU.Build.0 = Debug|Any CPU
		{CC00B556-6D49-4DCF-B423-0DA60D37C20E}.Release|Any CPU.ActiveCfg = Release|Any CPU
		{CC00B556-6D49-4DCF-B423-0DA60D37C20E}.Release|Any CPU.Build.0 = Release|Any CPU
		{CC00B556-6D49-4DCF-B423-0DA60D37C20E}.Tools|Any CPU.ActiveCfg = Tools|Any CPU
		{CC00B556-6D49-4DCF-B423-0DA60D37C20E}.Tools|Any CPU.Build.0 = Tools|Any CPU
	EndGlobalSection
EndGlobal
